<?xml version="1.0" encoding="utf-8"?>
<Project ToolsVersion="4.0" xmlns="http://schemas.microsoft.com/developer/msbuild/2003">
  <ItemGroup>
    <Filter Include="Resource Files">
      <UniqueIdentifier>{67DA6AB6-F800-4c08-8B7A-83BB121AAD01}</UniqueIdentifier>
      <Extensions>rc;ico;cur;bmp;dlg;rc2;rct;bin;rgs;gif;jpg;jpeg;jpe;resx;tiff;tif;png;wav;mfcribbon-ms</Extensions>
    </Filter>
    <Filter Include="WorldResources">
      <UniqueIdentifier>{4c829b36-4880-4026-a952-0717bc08c76c}</UniqueIdentifier>
    </Filter>
    <Filter Include="WorldResources\Objects">
      <UniqueIdentifier>{aec80ebb-3cd6-42cb-abb2-8541901cbe79}</UniqueIdentifier>
    </Filter>
    <Filter Include="Main">
      <UniqueIdentifier>{8d6ef657-89f6-4d6f-9e48-3685043ccee5}</UniqueIdentifier>
    </Filter>
    <Filter Include="Libs">
      <UniqueIdentifier>{e8f633f4-108b-420a-ab4c-b4dff9482bff}</UniqueIdentifier>
    </Filter>
    <Filter Include="Libs\imgui">
      <UniqueIdentifier>{ce6bbcc1-8f8c-4ab3-842d-9bc6b8588ed0}</UniqueIdentifier>
    </Filter>
    <Filter Include="WorldManagement">
      <UniqueIdentifier>{a69c9043-a264-4f6f-b09d-5228db2d0520}</UniqueIdentifier>
    </Filter>
  </ItemGroup>
  <ItemGroup>
    <ClCompile Include="World.cpp">
      <Filter>WorldResources</Filter>
    </ClCompile>
    <ClCompile Include="WorldObject.cpp">
      <Filter>WorldResources\Objects</Filter>
    </ClCompile>
    <ClCompile Include="tigl.cpp">
      <Filter>Libs</Filter>
    </ClCompile>
    <ClCompile Include="Texture.cpp">
      <Filter>Main</Filter>
    </ClCompile>
    <ClCompile Include="main.cpp">
      <Filter>Main</Filter>
    </ClCompile>
    <ClCompile Include="ObjModel.cpp">
      <Filter>Main</Filter>
    </ClCompile>
    <ClCompile Include="Object3d.cpp">
      <Filter>WorldResources\Objects</Filter>
    </ClCompile>
    <ClCompile Include="Transform.cpp" />
    <ClCompile Include="FpCam.cpp">
      <Filter>WorldManagement</Filter>
    </ClCompile>
    <ClCompile Include="EditGUI.cpp" />
    <ClCompile Include="lib\imgui-1.87\imgui.cpp">
      <Filter>Libs\imgui</Filter>
    </ClCompile>
    <ClCompile Include="lib\imgui-1.87\imgui_demo.cpp">
      <Filter>Libs\imgui</Filter>
    </ClCompile>
    <ClCompile Include="lib\imgui-1.87\imgui_draw.cpp">
      <Filter>Libs\imgui</Filter>
    </ClCompile>
    <ClCompile Include="lib\imgui-1.87\imgui_impl_glfw.cpp">
      <Filter>Libs\imgui</Filter>
    </ClCompile>
    <ClCompile Include="lib\imgui-1.87\imgui_impl_opengl3.cpp">
      <Filter>Libs\imgui</Filter>
    </ClCompile>
    <ClCompile Include="lib\imgui-1.87\imgui_tables.cpp">
      <Filter>Libs\imgui</Filter>
    </ClCompile>
    <ClCompile Include="lib\imgui-1.87\imgui_widgets.cpp">
      <Filter>Libs\imgui</Filter>
    </ClCompile>
  </ItemGroup>
  <ItemGroup>
    <ClInclude Include="World.h">
      <Filter>WorldResources</Filter>
    </ClInclude>
    <ClInclude Include="WorldObject.h">
      <Filter>WorldResources\Objects</Filter>
    </ClInclude>
    <ClInclude Include="stb_image.h">
      <Filter>Libs</Filter>
    </ClInclude>
    <ClInclude Include="tigl.h">
      <Filter>Libs</Filter>
    </ClInclude>
    <ClInclude Include="Texture.h">
      <Filter>Main</Filter>
    </ClInclude>
    <ClInclude Include="ObjModel.h">
      <Filter>Main</Filter>
    </ClInclude>
    <ClInclude Include="Object3d.h">
      <Filter>WorldResources\Objects</Filter>
    </ClInclude>
    <ClInclude Include="StaticSettings.h">
      <Filter>Main</Filter>
    </ClInclude>
    <ClInclude Include="Transform.h" />
    <ClInclude Include="FpCam.h">
      <Filter>WorldManagement</Filter>
    </ClInclude>
    <ClInclude Include="EditGUI.h" />
    <ClInclude Include="lib\imgui-1.87\imconfig.h">
      <Filter>Libs\imgui</Filter>
    </ClInclude>
    <ClInclude Include="lib\imgui-1.87\imgui.h">
      <Filter>Libs\imgui</Filter>
    </ClInclude>
    <ClInclude Include="lib\imgui-1.87\imgui_impl_glfw.h">
      <Filter>Libs\imgui</Filter>
    </ClInclude>
    <ClInclude Include="lib\imgui-1.87\imgui_impl_opengl3.h">
      <Filter>Libs\imgui</Filter>
    </ClInclude>
    <ClInclude Include="lib\imgui-1.87\imgui_impl_opengl3_loader.h">
      <Filter>Libs\imgui</Filter>
    </ClInclude>
    <ClInclude Include="lib\imgui-1.87\imgui_internal.h">
      <Filter>Libs\imgui</Filter>
    </ClInclude>
    <ClInclude Include="lib\imgui-1.87\imstb_rectpack.h">
      <Filter>Libs\imgui</Filter>
    </ClInclude>
    <ClInclude Include="lib\imgui-1.87\imstb_textedit.h">
      <Filter>Libs\imgui</Filter>
    </ClInclude>
    <ClInclude Include="lib\imgui-1.87\imstb_truetype.h">
      <Filter>Libs\imgui</Filter>
    </ClInclude>
  </ItemGroup>
  <ItemGroup>
    <None Include="imgui.ini">
      <Filter>Main</Filter>
    </None>
  </ItemGroup>
</Project>